
Microsoft Visual Studio Solution File, Format Version 12.00
# Visual Studio Version 17
VisualStudioVersion = 17.3.32825.248
MinimumVisualStudioVersion = 10.0.40219.1
Project("{9A19103F-16F7-4668-BE54-9A1E7A4F7556}") = "AdditionTask", "SystemCollections\AdditionTask.csproj", "{248AD535-A307-4933-B1BE-C62862FF30A1}"
EndProject
Project("{9A19103F-16F7-4668-BE54-9A1E7A4F7556}") = "Task_3", "SystemCollections\Task_3\Task_3\Task_3.csproj", "{5B6ADCF0-0A4A-4E9D-B9E9-896F6DA1F176}"
EndProject
Project("{FAE04EC0-301F-11D3-BF4B-00C04F79EFBC}") = "Task_4", "Task_4\Task_4.csproj", "{2A2827C6-9E93-45C6-85CD-FC558DAFBF59}"
EndProject
Global
	GlobalSection(SolutionConfigurationPlatforms) = preSolution
		Debug|Any CPU = Debug|Any CPU
		Release|Any CPU = Release|Any CPU
	EndGlobalSection
	GlobalSection(ProjectConfigurationPlatforms) = postSolution
		{248AD535-A307-4933-B1BE-C62862FF30A1}.Debug|Any CPU.ActiveCfg = Debug|Any CPU
		{248AD535-A307-4933-B1BE-C62862FF30A1}.Debug|Any CPU.Build.0 = Debug|Any CPU
		{248AD535-A307-4933-B1BE-C62862FF30A1}.Release|Any CPU.ActiveCfg = Release|Any CPU
		{248AD535-A307-4933-B1BE-C62862FF30A1}.Release|Any CPU.Build.0 = Release|Any CPU
		{5B6ADCF0-0A4A-4E9D-B9E9-896F6DA1F176}.Debug|Any CPU.ActiveCfg = Debug|Any CPU
		{5B6ADCF0-0A4A-4E9D-B9E9-896F6DA1F176}.Debug|Any CPU.Build.0 = Debug|Any CPU
		{5B6ADCF0-0A4A-4E9D-B9E9-896F6DA1F176}.Release|Any CPU.ActiveCfg = Release|Any CPU
		{5B6ADCF0-0A4A-4E9D-B9E9-896F6DA1F176}.Release|Any CPU.Build.0 = Release|Any CPU
		{2A2827C6-9E93-45C6-85CD-FC558DAFBF59}.Debug|Any CPU.ActiveCfg = Debug|Any CPU
		{2A2827C6-9E93-45C6-85CD-FC558DAFBF59}.Debug|Any CPU.Build.0 = Debug|Any CPU
		{2A2827C6-9E93-45C6-85CD-FC558DAFBF59}.Release|Any CPU.ActiveCfg = Release|Any CPU
		{2A2827C6-9E93-45C6-85CD-FC558DAFBF59}.Release|Any CPU.Build.0 = Release|Any CPU
	EndGlobalSection
	GlobalSection(SolutionProperties) = preSolution
		HideSolutionNode = FALSE
	EndGlobalSection
	GlobalSection(ExtensibilityGlobals) = postSolution
		SolutionGuid = {843EE44C-D896-43E5-A81C-64D2EFE978A6}
	EndGlobalSection
EndGlobal
