
Microsoft Visual Studio Solution File, Format Version 12.00
# Visual Studio Version 17
VisualStudioVersion = 17.3.32825.248
MinimumVisualStudioVersion = 10.0.40219.1
Project("{9A19103F-16F7-4668-BE54-9A1E7A4F7556}") = "AdditionTask", "ITVDN_4_3\AdditionTask.csproj", "{A35B26F5-E96D-470D-A9CC-F380700CBA5D}"
EndProject
Project("{9A19103F-16F7-4668-BE54-9A1E7A4F7556}") = "Task_2", "Task_2\Task_2.csproj", "{097B3DCD-2EE2-4481-8CCA-A15F86579FEF}"
EndProject
Project("{FAE04EC0-301F-11D3-BF4B-00C04F79EFBC}") = "Task_3", "Task_3\Task_3.csproj", "{0AC7878B-DBC9-435D-891F-CC58D76D6F88}"
EndProject
Global
	GlobalSection(SolutionConfigurationPlatforms) = preSolution
		Debug|Any CPU = Debug|Any CPU
		Release|Any CPU = Release|Any CPU
	EndGlobalSection
	GlobalSection(ProjectConfigurationPlatforms) = postSolution
		{A35B26F5-E96D-470D-A9CC-F380700CBA5D}.Debug|Any CPU.ActiveCfg = Debug|Any CPU
		{A35B26F5-E96D-470D-A9CC-F380700CBA5D}.Debug|Any CPU.Build.0 = Debug|Any CPU
		{A35B26F5-E96D-470D-A9CC-F380700CBA5D}.Release|Any CPU.ActiveCfg = Release|Any CPU
		{A35B26F5-E96D-470D-A9CC-F380700CBA5D}.Release|Any CPU.Build.0 = Release|Any CPU
		{097B3DCD-2EE2-4481-8CCA-A15F86579FEF}.Debug|Any CPU.ActiveCfg = Debug|Any CPU
		{097B3DCD-2EE2-4481-8CCA-A15F86579FEF}.Debug|Any CPU.Build.0 = Debug|Any CPU
		{097B3DCD-2EE2-4481-8CCA-A15F86579FEF}.Release|Any CPU.ActiveCfg = Release|Any CPU
		{097B3DCD-2EE2-4481-8CCA-A15F86579FEF}.Release|Any CPU.Build.0 = Release|Any CPU
		{0AC7878B-DBC9-435D-891F-CC58D76D6F88}.Debug|Any CPU.ActiveCfg = Debug|Any CPU
		{0AC7878B-DBC9-435D-891F-CC58D76D6F88}.Debug|Any CPU.Build.0 = Debug|Any CPU
		{0AC7878B-DBC9-435D-891F-CC58D76D6F88}.Release|Any CPU.ActiveCfg = Release|Any CPU
		{0AC7878B-DBC9-435D-891F-CC58D76D6F88}.Release|Any CPU.Build.0 = Release|Any CPU
	EndGlobalSection
	GlobalSection(SolutionProperties) = preSolution
		HideSolutionNode = FALSE
	EndGlobalSection
	GlobalSection(ExtensibilityGlobals) = postSolution
		SolutionGuid = {1F4DD37F-C47A-4869-9711-33EE50241547}
	EndGlobalSection
EndGlobal
