
Microsoft Visual Studio Solution File, Format Version 12.00
# Visual Studio Version 17
VisualStudioVersion = 17.3.32825.248
MinimumVisualStudioVersion = 10.0.40219.1
Project("{FAE04EC0-301F-11D3-BF4B-00C04F79EFBC}") = "AvaloniaTest", "AvaloniaTest\AvaloniaTest.csproj", "{CAA1E365-CD39-4BE0-9A29-31D7EC768388}"
EndProject
Global
	GlobalSection(SolutionConfigurationPlatforms) = preSolution
		Debug|Any CPU = Debug|Any CPU
		Release|Any CPU = Release|Any CPU
	EndGlobalSection
	GlobalSection(ProjectConfigurationPlatforms) = postSolution
		{CAA1E365-CD39-4BE0-9A29-31D7EC768388}.Debug|Any CPU.ActiveCfg = Debug|Any CPU
		{CAA1E365-CD39-4BE0-9A29-31D7EC768388}.Debug|Any CPU.Build.0 = Debug|Any CPU
		{CAA1E365-CD39-4BE0-9A29-31D7EC768388}.Release|Any CPU.ActiveCfg = Release|Any CPU
		{CAA1E365-CD39-4BE0-9A29-31D7EC768388}.Release|Any CPU.Build.0 = Release|Any CPU
	EndGlobalSection
	GlobalSection(SolutionProperties) = preSolution
		HideSolutionNode = FALSE
	EndGlobalSection
	GlobalSection(ExtensibilityGlobals) = postSolution
		SolutionGuid = {AD788C46-4E6E-4A8B-9F7A-029C7AF56599}
	EndGlobalSection
EndGlobal
